{
  "name": "paper-design-text",
  "lockfileVersion": 3,
  "requires": true,
  "packages": {
    "": {
      "dependencies": {
        "@paper-design/shaders": "^0.0.46"
      }
    },
    "node_modules/@paper-design/shaders": {
      "version": "0.0.46",
      "resolved": "https://registry.npmjs.org/@paper-design/shaders/-/shaders-0.0.46.tgz",
      "integrity": "sha512-ErPQwLguvv7qI8E+bdwSaNQF27Q8MnZmtD8rGp+K473AYee+cXWv2OqBkKnuMl/n1JmL8vBxSSTflOfO6DB4aQ==",
      "license": "MIT"
    }
  }
}
